
Microsoft Visual Studio Solution File, Format Version 12.00
# Visual Studio Version 16
VisualStudioVersion = 16.0.30114.105
MinimumVisualStudioVersion = 10.0.40219.1
Project("{FAE04EC0-301F-11D3-BF4B-00C04F79EFBC}") = "VariablesAndTypes", "VariablesAndTypes\VariablesAndTypes.csproj", "{ED995F18-21A2-4ADD-A907-AE2CA19EF07E}"
EndProject
Project("{FAE04EC0-301F-11D3-BF4B-00C04F79EFBC}") = "ReferenceTypes", "ReferenceTypes\ReferenceTypes.csproj", "{9CB3ECD5-DC9E-4ADF-8661-AAF6834EDDF2}"
EndProject
Project("{FAE04EC0-301F-11D3-BF4B-00C04F79EFBC}") = "Operators", "Operators\Operators.csproj", "{4D3A0157-BE83-42F3-8424-3110EF5424F8}"
EndProject
Project("{FAE04EC0-301F-11D3-BF4B-00C04F79EFBC}") = "Conditionals", "Conditionals\Conditionals.csproj", "{3DBCCFCF-DC4E-47F2-90FA-C95D6DBA23CF}"
EndProject
Project("{FAE04EC0-301F-11D3-BF4B-00C04F79EFBC}") = "Loops", "Loops\Loops.csproj", "{3ABE9C66-D0E9-4A8A-A9D0-16C1962174CC}"
EndProject
Project("{FAE04EC0-301F-11D3-BF4B-00C04F79EFBC}") = "Classes", "Classes\Classes.csproj", "{ACCEB964-4F82-443F-9A67-9A7287ABCC14}"
EndProject
Global
	GlobalSection(SolutionConfigurationPlatforms) = preSolution
		Debug|Any CPU = Debug|Any CPU
		Release|Any CPU = Release|Any CPU
	EndGlobalSection
	GlobalSection(SolutionProperties) = preSolution
		HideSolutionNode = FALSE
	EndGlobalSection
	GlobalSection(ProjectConfigurationPlatforms) = postSolution
		{ED995F18-21A2-4ADD-A907-AE2CA19EF07E}.Debug|Any CPU.ActiveCfg = Debug|Any CPU
		{ED995F18-21A2-4ADD-A907-AE2CA19EF07E}.Debug|Any CPU.Build.0 = Debug|Any CPU
		{ED995F18-21A2-4ADD-A907-AE2CA19EF07E}.Release|Any CPU.ActiveCfg = Release|Any CPU
		{ED995F18-21A2-4ADD-A907-AE2CA19EF07E}.Release|Any CPU.Build.0 = Release|Any CPU
		{9CB3ECD5-DC9E-4ADF-8661-AAF6834EDDF2}.Debug|Any CPU.ActiveCfg = Debug|Any CPU
		{9CB3ECD5-DC9E-4ADF-8661-AAF6834EDDF2}.Debug|Any CPU.Build.0 = Debug|Any CPU
		{9CB3ECD5-DC9E-4ADF-8661-AAF6834EDDF2}.Release|Any CPU.ActiveCfg = Release|Any CPU
		{9CB3ECD5-DC9E-4ADF-8661-AAF6834EDDF2}.Release|Any CPU.Build.0 = Release|Any CPU
		{4D3A0157-BE83-42F3-8424-3110EF5424F8}.Debug|Any CPU.ActiveCfg = Debug|Any CPU
		{4D3A0157-BE83-42F3-8424-3110EF5424F8}.Debug|Any CPU.Build.0 = Debug|Any CPU
		{4D3A0157-BE83-42F3-8424-3110EF5424F8}.Release|Any CPU.ActiveCfg = Release|Any CPU
		{4D3A0157-BE83-42F3-8424-3110EF5424F8}.Release|Any CPU.Build.0 = Release|Any CPU
		{3DBCCFCF-DC4E-47F2-90FA-C95D6DBA23CF}.Debug|Any CPU.ActiveCfg = Debug|Any CPU
		{3DBCCFCF-DC4E-47F2-90FA-C95D6DBA23CF}.Debug|Any CPU.Build.0 = Debug|Any CPU
		{3DBCCFCF-DC4E-47F2-90FA-C95D6DBA23CF}.Release|Any CPU.ActiveCfg = Release|Any CPU
		{3DBCCFCF-DC4E-47F2-90FA-C95D6DBA23CF}.Release|Any CPU.Build.0 = Release|Any CPU
		{3ABE9C66-D0E9-4A8A-A9D0-16C1962174CC}.Debug|Any CPU.ActiveCfg = Debug|Any CPU
		{3ABE9C66-D0E9-4A8A-A9D0-16C1962174CC}.Debug|Any CPU.Build.0 = Debug|Any CPU
		{3ABE9C66-D0E9-4A8A-A9D0-16C1962174CC}.Release|Any CPU.ActiveCfg = Release|Any CPU
		{3ABE9C66-D0E9-4A8A-A9D0-16C1962174CC}.Release|Any CPU.Build.0 = Release|Any CPU
		{ACCEB964-4F82-443F-9A67-9A7287ABCC14}.Debug|Any CPU.ActiveCfg = Debug|Any CPU
		{ACCEB964-4F82-443F-9A67-9A7287ABCC14}.Debug|Any CPU.Build.0 = Debug|Any CPU
		{ACCEB964-4F82-443F-9A67-9A7287ABCC14}.Release|Any CPU.ActiveCfg = Release|Any CPU
		{ACCEB964-4F82-443F-9A67-9A7287ABCC14}.Release|Any CPU.Build.0 = Release|Any CPU
	EndGlobalSection
EndGlobal
